// !$*UTF8*$!
{
	archiveVersion = 1;
	classes = {
	};
	objectVersion = 48;
	objects = {

/* Begin PBXBuildFile section */
		B026D2FC2292FB4200BFABBC /* AppDelegate.swift in Sources */ = {isa = PBXBuildFile; fileRef = B026D2FB2292FB4200BFABBC /* AppDelegate.swift */; };
		B026D2FE2292FB4200BFABBC /* ViewController.swift in Sources */ = {isa = PBXBuildFile; fileRef = B026D2FD2292FB4200BFABBC /* ViewController.swift */; };
		B026D3012292FB4200BFABBC /* Main.storyboard in Resources */ = {isa = PBXBuildFile; fileRef = B026D2FF2292FB4200BFABBC /* Main.storyboard */; };
		B026D3032292FB4200BFABBC /* Assets.xcassets in Resources */ = {isa = PBXBuildFile; fileRef = B026D3022292FB4200BFABBC /* Assets.xcassets */; };
		B026D3062292FB4200BFABBC /* LaunchScreen.storyboard in Resources */ = {isa = PBXBuildFile; fileRef = B026D3042292FB4200BFABBC /* LaunchScreen.storyboard */; };
		B026D3112292FB4200BFABBC /* BudTransactionsUITests.swift in Sources */ = {isa = PBXBuildFile; fileRef = B026D3102292FB4200BFABBC /* BudTransactionsUITests.swift */; };
/* End PBXBuildFile section */

/* Begin PBXContainerItemProxy section */
		B026D30D2292FB4200BFABBC /* PBXContainerItemProxy */ = {
			isa = PBXContainerItemProxy;
			containerPortal = B026D2F02292FB4200BFABBC /* Project object */;
			proxyType = 1;
			remoteGlobalIDString = B026D2F72292FB4200BFABBC;
			remoteInfo = BudTransactions;
		};
/* End PBXContainerItemProxy section */

/* Begin PBXFileReference section */
		B026D2F82292FB4200BFABBC /* BudTransactions.app */ = {isa = PBXFileReference; explicitFileType = wrapper.application; includeInIndex = 0; path = BudTransactions.app; sourceTree = BUILT_PRODUCTS_DIR; };
		B026D2FB2292FB4200BFABBC /* AppDelegate.swift */ = {isa = PBXFileReference; lastKnownFileType = sourcecode.swift; path = AppDelegate.swift; sourceTree = "<group>"; };
		B026D2FD2292FB4200BFABBC /* ViewController.swift */ = {isa = PBXFileReference; lastKnownFileType = sourcecode.swift; path = ViewController.swift; sourceTree = "<group>"; };
		B026D3002292FB4200BFABBC /* Base */ = {isa = PBXFileReference; lastKnownFileType = file.storyboard; name = Base; path = Base.lproj/Main.storyboard; sourceTree = "<group>"; };
		B026D3022292FB4200BFABBC /* Assets.xcassets */ = {isa = PBXFileReference; lastKnownFileType = folder.assetcatalog; path = Assets.xcassets; sourceTree = "<group>"; };
		B026D3052292FB4200BFABBC /* Base */ = {isa = PBXFileReference; lastKnownFileType = file.storyboard; name = Base; path = Base.lproj/LaunchScreen.storyboard; sourceTree = "<group>"; };
		B026D3072292FB4200BFABBC /* Info.plist */ = {isa = PBXFileReference; lastKnownFileType = text.plist.xml; path = Info.plist; sourceTree = "<group>"; };
		B026D30C2292FB4200BFABBC /* BudTransactionsUITests.xctest */ = {isa = PBXFileReference; explicitFileType = wrapper.cfbundle; includeInIndex = 0; path = BudTransactionsUITests.xctest; sourceTree = BUILT_PRODUCTS_DIR; };
		B026D3102292FB4200BFABBC /* BudTransactionsUITests.swift */ = {isa = PBXFileReference; lastKnownFileType = sourcecode.swift; path = BudTransactionsUITests.swift; sourceTree = "<group>"; };
		B026D3122292FB4200BFABBC /* Info.plist */ = {isa = PBXFileReference; lastKnownFileType = text.plist.xml; path = Info.plist; sourceTree = "<group>"; };
/* End PBXFileReference section */

/* Begin PBXFrameworksBuildPhase section */
		B026D2F52292FB4200BFABBC /* Frameworks */ = {
			isa = PBXFrameworksBuildPhase;
			buildActionMask = 2147483647;
			files = (
			);
			runOnlyForDeploymentPostprocessing = 0;
		};
		B026D3092292FB4200BFABBC /* Frameworks */ = {
			isa = PBXFrameworksBuildPhase;
			buildActionMask = 2147483647;
			files = (
			);
			runOnlyForDeploymentPostprocessing = 0;
		};
/* End PBXFrameworksBuildPhase section */

/* Begin PBXGroup section */
		B026D2EF2292FB4200BFABBC = {
			isa = PBXGroup;
			children = (
				B026D2FA2292FB4200BFABBC /* BudTransactions */,
				B026D30F2292FB4200BFABBC /* BudTransactionsUITests */,
				B026D2F92292FB4200BFABBC /* Products */,
			);
			sourceTree = "<group>";
		};
		B026D2F92292FB4200BFABBC /* Products */ = {
			isa = PBXGroup;
			children = (
				B026D2F82292FB4200BFABBC /* BudTransactions.app */,
				B026D30C2292FB4200BFABBC /* BudTransactionsUITests.xctest */,
			);
			name = Products;
			sourceTree = "<group>";
		};
		B026D2FA2292FB4200BFABBC /* BudTransactions */ = {
			isa = PBXGroup;
			children = (
				B026D2FB2292FB4200BFABBC /* AppDelegate.swift */,
				B026D2FD2292FB4200BFABBC /* ViewController.swift */,
				B026D2FF2292FB4200BFABBC /* Main.storyboard */,
				B026D3022292FB4200BFABBC /* Assets.xcassets */,
				B026D3042292FB4200BFABBC /* LaunchScreen.storyboard */,
				B026D3072292FB4200BFABBC /* Info.plist */,
			);
			path = BudTransactions;
			sourceTree = "<group>";
		};
		B026D30F2292FB4200BFABBC /* BudTransactionsUITests */ = {
			isa = PBXGroup;
			children = (
				B026D3102292FB4200BFABBC /* BudTransactionsUITests.swift */,
				B026D3122292FB4200BFABBC /* Info.plist */,
			);
			path = BudTransactionsUITests;
			sourceTree = "<group>";
		};
/* End PBXGroup section */

/* Begin PBXNativeTarget section */
		B026D2F72292FB4200BFABBC /* BudTransactions */ = {
			isa = PBXNativeTarget;
			buildConfigurationList = B026D3152292FB4200BFABBC /* Build configuration list for PBXNativeTarget "BudTransactions" */;
			buildPhases = (
				B026D2F42292FB4200BFABBC /* Sources */,
				B026D2F52292FB4200BFABBC /* Frameworks */,
				B026D2F62292FB4200BFABBC /* Resources */,
			);
			buildRules = (
			);
			dependencies = (
			);
			name = BudTransactions;
			productName = BudTransactions;
			productReference = B026D2F82292FB4200BFABBC /* BudTransactions.app */;
			productType = "com.apple.product-type.application";
		};
		B026D30B2292FB4200BFABBC /* BudTransactionsUITests */ = {
			isa = PBXNativeTarget;
			buildConfigurationList = B026D3182292FB4200BFABBC /* Build configuration list for PBXNativeTarget "BudTransactionsUITests" */;
			buildPhases = (
				B026D3082292FB4200BFABBC /* Sources */,
				B026D3092292FB4200BFABBC /* Frameworks */,
				B026D30A2292FB4200BFABBC /* Resources */,
			);
			buildRules = (
			);
			dependencies = (
				B026D30E2292FB4200BFABBC /* PBXTargetDependency */,
			);
			name = BudTransactionsUITests;
			productName = BudTransactionsUITests;
			productReference = B026D30C2292FB4200BFABBC /* BudTransactionsUITests.xctest */;
			productType = "com.apple.product-type.bundle.ui-testing";
		};
/* End PBXNativeTarget section */

/* Begin PBXProject section */
		B026D2F02292FB4200BFABBC /* Project object */ = {
			isa = PBXProject;
			attributes = {
				LastSwiftUpdateCheck = 0920;
				LastUpgradeCheck = 0920;
				ORGANIZATIONNAME = ariel;
				TargetAttributes = {
					B026D2F72292FB4200BFABBC = {
						CreatedOnToolsVersion = 9.2;
						ProvisioningStyle = Automatic;
					};
					B026D30B2292FB4200BFABBC = {
						CreatedOnToolsVersion = 9.2;
						ProvisioningStyle = Automatic;
						TestTargetID = B026D2F72292FB4200BFABBC;
					};
				};
			};
			buildConfigurationList = B026D2F32292FB4200BFABBC /* Build configuration list for PBXProject "BudTransactions" */;
			compatibilityVersion = "Xcode 8.0";
			developmentRegion = en;
			hasScannedForEncodings = 0;
			knownRegions = (
				en,
				Base,
			);
			mainGroup = B026D2EF2292FB4200BFABBC;
			productRefGroup = B026D2F92292FB4200BFABBC /* Products */;
			projectDirPath = "";
			projectRoot = "";
			targets = (
				B026D2F72292FB4200BFABBC /* BudTransactions */,
				B026D30B2292FB4200BFABBC /* BudTransactionsUITests */,
			);
		};
/* End PBXProject section */

/* Begin PBXResourcesBuildPhase section */
		B026D2F62292FB4200BFABBC /* Resources */ = {
			isa = PBXResourcesBuildPhase;
			buildActionMask = 2147483647;
			files = (
				B026D3062292FB4200BFABBC /* LaunchScreen.storyboard in Resources */,
				B026D3032292FB4200BFABBC /* Assets.xcassets in Resources */,
				B026D3012292FB4200BFABBC /* Main.storyboard in Resources */,
			);
			runOnlyForDeploymentPostprocessing = 0;
		};
		B026D30A2292FB4200BFABBC /* Resources */ = {
			isa = PBXResourcesBuildPhase;
			buildActionMask = 2147483647;
			files = (
			);
			runOnlyForDeploymentPostprocessing = 0;
		};
/* End PBXResourcesBuildPhase section */

/* Begin PBXSourcesBuildPhase section */
		B026D2F42292FB4200BFABBC /* Sources */ = {
			isa = PBXSourcesBuildPhase;
			buildActionMask = 2147483647;
			files = (
				B026D2FE2292FB4200BFABBC /* ViewController.swift in Sources */,
				B026D2FC2292FB4200BFABBC /* AppDelegate.swift in Sources */,
			);
			runOnlyForDeploymentPostprocessing = 0;
		};
		B026D3082292FB4200BFABBC /* Sources */ = {
			isa = PBXSourcesBuildPhase;
			buildActionMask = 2147483647;
			files = (
				B026D3112292FB4200BFABBC /* BudTransactionsUITests.swift in Sources */,
			);
			runOnlyForDeploymentPostprocessing = 0;
		};
/* End PBXSourcesBuildPhase section */

/* Begin PBXTargetDependency section */
		B026D30E2292FB4200BFABBC /* PBXTargetDependency */ = {
			isa = PBXTargetDependency;
			target = B026D2F72292FB4200BFABBC /* BudTransactions */;
			targetProxy = B026D30D2292FB4200BFABBC /* PBXContainerItemProxy */;
		};
/* End PBXTargetDependency section */

/* Begin PBXVariantGroup section */
		B026D2FF2292FB4200BFABBC /* Main.storyboard */ = {
			isa = PBXVariantGroup;
			children = (
				B026D3002292FB4200BFABBC /* Base */,
			);
			name = Main.storyboard;
			sourceTree = "<group>";
		};
		B026D3042292FB4200BFABBC /* LaunchScreen.storyboard */ = {
			isa = PBXVariantGroup;
			children = (
				B026D3052292FB4200BFABBC /* Base */,
			);
			name = LaunchScreen.storyboard;
			sourceTree = "<group>";
		};
/* End PBXVariantGroup section */

/* Begin XCBuildConfiguration section */
		B026D3132292FB4200BFABBC /* Debug */ = {
			isa = XCBuildConfiguration;
			buildSettings = {
				ALWAYS_SEARCH_USER_PATHS = NO;
				CLANG_ANALYZER_NONNULL = YES;
				CLANG_ANALYZER_NUMBER_OBJECT_CONVERSION = YES_AGGRESSIVE;
				CLANG_CXX_LANGUAGE_STANDARD = "gnu++14";
				CLANG_CXX_LIBRARY = "libc++";
				CLANG_ENABLE_MODULES = YES;
				CLANG_ENABLE_OBJC_ARC = YES;
				CLANG_WARN_BLOCK_CAPTURE_AUTORELEASING = YES;
				CLANG_WARN_BOOL_CONVERSION = YES;
				CLANG_WARN_COMMA = YES;
				CLANG_WARN_CONSTANT_CONVERSION = YES;
				CLANG_WARN_DIRECT_OBJC_ISA_USAGE = YES_ERROR;
				CLANG_WARN_DOCUMENTATION_COMMENTS = YES;
				CLANG_WARN_EMPTY_BODY = YES;
				CLANG_WARN_ENUM_CONVERSION = YES;
				CLANG_WARN_INFINITE_RECURSION = YES;
				CLANG_WARN_INT_CONVERSION = YES;
				CLANG_WARN_NON_LITERAL_NULL_CONVERSION = YES;
				CLANG_WARN_OBJC_LITERAL_CONVERSION = YES;
				CLANG_WARN_OBJC_ROOT_CLASS = YES_ERROR;
				CLANG_WARN_RANGE_LOOP_ANALYSIS = YES;
				CLANG_WARN_STRICT_PROTOTYPES = YES;
				CLANG_WARN_SUSPICIOUS_MOVE = YES;
				CLANG_WARN_UNGUARDED_AVAILABILITY = YES_AGGRESSIVE;
				CLANG_WARN_UNREACHABLE_CODE = YES;
				CLANG_WARN__DUPLICATE_METHOD_MATCH = YES;
				CODE_SIGN_IDENTITY = "iPhone Developer";
				COPY_PHASE_STRIP = NO;
				DEBUG_INFORMATION_FORMAT = dwarf;
				ENABLE_STRICT_OBJC_MSGSEND = YES;
				ENABLE_TESTABILITY = YES;
				GCC_C_LANGUAGE_STANDARD = gnu11;
				GCC_DYNAMIC_NO_PIC = NO;
				GCC_NO_COMMON_BLOCKS = YES;
				GCC_OPTIMIZATION_LEVEL = 0;
				GCC_PREPROCESSOR_DEFINITIONS = (
					"DEBUG=1",
					"$(inherited)",
				);
				GCC_WARN_64_TO_32_BIT_CONVERSION = YES;
				GCC_WARN_ABOUT_RETURN_TYPE = YES_ERROR;
				GCC_WARN_UNDECLARED_SELECTOR = YES;
				GCC_WARN_UNINITIALIZED_AUTOS = YES_AGGRESSIVE;
				GCC_WARN_UNUSED_FUNCTION = YES;
				GCC_WARN_UNUSED_VARIABLE = YES;
				IPHONEOS_DEPLOYMENT_TARGET = 11.2;
				MTL_ENABLE_DEBUG_INFO = YES;
				ONLY_ACTIVE_ARCH = YES;
				SDKROOT = iphoneos;
				SWIFT_ACTIVE_COMPILATION_CONDITIONS = DEBUG;
				SWIFT_OPTIMIZATION_LEVEL = "-Onone";
			};
			name = Debug;
		};
		B026D3142292FB4200BFABBC /* Release */ = {
			isa = XCBuildConfiguration;
			buildSettings = {
				ALWAYS_SEARCH_USER_PATHS = NO;
				CLANG_ANALYZER_NONNULL = YES;
				CLANG_ANALYZER_NUMBER_OBJECT_CONVERSION = YES_AGGRESSIVE;
				CLANG_CXX_LANGUAGE_STANDARD = "gnu++14";
				CLANG_CXX_LIBRARY = "libc++";
				CLANG_ENABLE_MODULES = YES;
				CLANG_ENABLE_OBJC_ARC = YES;
				CLANG_WARN_BLOCK_CAPTURE_AUTORELEASING = YES;
				CLANG_WARN_BOOL_CONVERSION = YES;
				CLANG_WARN_COMMA = YES;
				CLANG_WARN_CONSTANT_CONVERSION = YES;
				CLANG_WARN_DIRECT_OBJC_ISA_USAGE = YES_ERROR;
				CLANG_WARN_DOCUMENTATION_COMMENTS = YES;
				CLANG_WARN_EMPTY_BODY = YES;
				CLANG_WARN_ENUM_CONVERSION = YES;
				CLANG_WARN_INFINITE_RECURSION = YES;
				CLANG_WARN_INT_CONVERSION = YES;
				CLANG_WARN_NON_LITERAL_NULL_CONVERSION = YES;
				CLANG_WARN_OBJC_LITERAL_CONVERSION = YES;
				CLANG_WARN_OBJC_ROOT_CLASS = YES_ERROR;
				CLANG_WARN_RANGE_LOOP_ANALYSIS = YES;
				CLANG_WARN_STRICT_PROTOTYPES = YES;
				CLANG_WARN_SUSPICIOUS_MOVE = YES;
				CLANG_WARN_UNGUARDED_AVAILABILITY = YES_AGGRESSIVE;
				CLANG_WARN_UNREACHABLE_CODE = YES;
				CLANG_WARN__DUPLICATE_METHOD_MATCH = YES;
				CODE_SIGN_IDENTITY = "iPhone Developer";
				COPY_PHASE_STRIP = NO;
				DEBUG_INFORMATION_FORMAT = "dwarf-with-dsym";
				ENABLE_NS_ASSERTIONS = NO;
				ENABLE_STRICT_OBJC_MSGSEND = YES;
				GCC_C_LANGUAGE_STANDARD = gnu11;
				GCC_NO_COMMON_BLOCKS = YES;
				GCC_WARN_64_TO_32_BIT_CONVERSION = YES;
				GCC_WARN_ABOUT_RETURN_TYPE = YES_ERROR;
				GCC_WARN_UNDECLARED_SELECTOR = YES;
				GCC_WARN_UNINITIALIZED_AUTOS = YES_AGGRESSIVE;
				GCC_WARN_UNUSED_FUNCTION = YES;
				GCC_WARN_UNUSED_VARIABLE = YES;
				IPHONEOS_DEPLOYMENT_TARGET = 11.2;
				MTL_ENABLE_DEBUG_INFO = NO;
				SDKROOT = iphoneos;
				SWIFT_OPTIMIZATION_LEVEL = "-Owholemodule";
				VALIDATE_PRODUCT = YES;
			};
			name = Release;
		};
		B026D3162292FB4200BFABBC /* Debug */ = {
			isa = XCBuildConfiguration;
			buildSettings = {
				ASSETCATALOG_COMPILER_APPICON_NAME = AppIcon;
				CODE_SIGN_STYLE = Automatic;
				INFOPLIST_FILE = BudTransactions/Info.plist;
				LD_RUNPATH_SEARCH_PATHS = "$(inherited) @executable_path/Frameworks";
				PRODUCT_BUNDLE_IDENTIFIER = ariel.BudTransactions;
				PRODUCT_NAME = "$(TARGET_NAME)";
				SWIFT_VERSION = 4.0;
				TARGETED_DEVICE_FAMILY = "1,2";
			};
			name = Debug;
		};
		B026D3172292FB4200BFABBC /* Release */ = {
			isa = XCBuildConfiguration;
			buildSettings = {
				ASSETCATALOG_COMPILER_APPICON_NAME = AppIcon;
				CODE_SIGN_STYLE = Automatic;
				INFOPLIST_FILE = BudTransactions/Info.plist;
				LD_RUNPATH_SEARCH_PATHS = "$(inherited) @executable_path/Frameworks";
				PRODUCT_BUNDLE_IDENTIFIER = ariel.BudTransactions;
				PRODUCT_NAME = "$(TARGET_NAME)";
				SWIFT_VERSION = 4.0;
				TARGETED_DEVICE_FAMILY = "1,2";
			};
			name = Release;
		};
		B026D3192292FB4200BFABBC /* Debug */ = {
			isa = XCBuildConfiguration;
			buildSettings = {
				ALWAYS_EMBED_SWIFT_STANDARD_LIBRARIES = YES;
				CODE_SIGN_STYLE = Automatic;
				INFOPLIST_FILE = BudTransactionsUITests/Info.plist;
				LD_RUNPATH_SEARCH_PATHS = "$(inherited) @executable_path/Frameworks @loader_path/Frameworks";
				PRODUCT_BUNDLE_IDENTIFIER = ariel.BudTransactionsUITests;
				PRODUCT_NAME = "$(TARGET_NAME)";
				SWIFT_VERSION = 4.0;
				TARGETED_DEVICE_FAMILY = "1,2";
				TEST_TARGET_NAME = BudTransactions;
			};
			name = Debug;
		};
		B026D31A2292FB4200BFABBC /* Release */ = {
			isa = XCBuildConfiguration;
			buildSettings = {
				ALWAYS_EMBED_SWIFT_STANDARD_LIBRARIES = YES;
				CODE_SIGN_STYLE = Automatic;
				INFOPLIST_FILE = BudTransactionsUITests/Info.plist;
				LD_RUNPATH_SEARCH_PATHS = "$(inherited) @executable_path/Frameworks @loader_path/Frameworks";
				PRODUCT_BUNDLE_IDENTIFIER = ariel.BudTransactionsUITests;
				PRODUCT_NAME = "$(TARGET_NAME)";
				SWIFT_VERSION = 4.0;
				TARGETED_DEVICE_FAMILY = "1,2";
				TEST_TARGET_NAME = BudTransactions;
			};
			name = Release;
		};
/* End XCBuildConfiguration section */

/* Begin XCConfigurationList section */
		B026D2F32292FB4200BFABBC /* Build configuration list for PBXProject "BudTransactions" */ = {
			isa = XCConfigurationList;
			buildConfigurations = (
				B026D3132292FB4200BFABBC /* Debug */,
				B026D3142292FB4200BFABBC /* Release */,
			);
			defaultConfigurationIsVisible = 0;
			defaultConfigurationName = Release;
		};
		B026D3152292FB4200BFABBC /* Build configuration list for PBXNativeTarget "BudTransactions" */ = {
			isa = XCConfigurationList;
			buildConfigurations = (
				B026D3162292FB4200BFABBC /* Debug */,
				B026D3172292FB4200BFABBC /* Release */,
			);
			defaultConfigurationIsVisible = 0;
			defaultConfigurationName = Release;
		};
		B026D3182292FB4200BFABBC /* Build configuration list for PBXNativeTarget "BudTransactionsUITests" */ = {
			isa = XCConfigurationList;
			buildConfigurations = (
				B026D3192292FB4200BFABBC /* Debug */,
				B026D31A2292FB4200BFABBC /* Release */,
			);
			defaultConfigurationIsVisible = 0;
			defaultConfigurationName = Release;
		};
/* End XCConfigurationList section */
	};
	rootObject = B026D2F02292FB4200BFABBC /* Project object */;
}
